
Microsoft Visual Studio Solution File, Format Version 12.00
# Visual Studio Version 17
VisualStudioVersion = 17.3.32825.248
MinimumVisualStudioVersion = 10.0.40219.1
Project("{F184B08F-C81C-45F6-A57F-5ABD9991F28F}") = "CRUDCredenciales", "CRUDCredenciales\CRUDCredenciales.vbproj", "{62ED0935-84C8-4F34-B401-F1AFF9FAF412}"
EndProject
Global
	GlobalSection(SolutionConfigurationPlatforms) = preSolution
		Debug|Any CPU = Debug|Any CPU
		Release|Any CPU = Release|Any CPU
	EndGlobalSection
	GlobalSection(ProjectConfigurationPlatforms) = postSolution
		{62ED0935-84C8-4F34-B401-F1AFF9FAF412}.Debug|Any CPU.ActiveCfg = Debug|Any CPU
		{62ED0935-84C8-4F34-B401-F1AFF9FAF412}.Debug|Any CPU.Build.0 = Debug|Any CPU
		{62ED0935-84C8-4F34-B401-F1AFF9FAF412}.Release|Any CPU.ActiveCfg = Release|Any CPU
		{62ED0935-84C8-4F34-B401-F1AFF9FAF412}.Release|Any CPU.Build.0 = Release|Any CPU
	EndGlobalSection
	GlobalSection(SolutionProperties) = preSolution
		HideSolutionNode = FALSE
	EndGlobalSection
	GlobalSection(ExtensibilityGlobals) = postSolution
		SolutionGuid = {7FB4EF36-E13F-4266-A983-DA7DC546AB62}
	EndGlobalSection
EndGlobal
